
Microsoft Visual Studio Solution File, Format Version 12.00
# Visual Studio Version 16
VisualStudioVersion = 16.0.28803.156
MinimumVisualStudioVersion = 10.0.40219.1
Project("{FAE04EC0-301F-11D3-BF4B-00C04F79EFBC}") = "TallerMVC5", "TallerMVC5\TallerMVC5.csproj", "{C2E5F4A4-5339-4852-9623-A043CF3718A5}"
EndProject
Global
	GlobalSection(SolutionConfigurationPlatforms) = preSolution
		Debug|Any CPU = Debug|Any CPU
		Release|Any CPU = Release|Any CPU
	EndGlobalSection
	GlobalSection(ProjectConfigurationPlatforms) = postSolution
		{C2E5F4A4-5339-4852-9623-A043CF3718A5}.Debug|Any CPU.ActiveCfg = Debug|Any CPU
		{C2E5F4A4-5339-4852-9623-A043CF3718A5}.Debug|Any CPU.Build.0 = Debug|Any CPU
		{C2E5F4A4-5339-4852-9623-A043CF3718A5}.Release|Any CPU.ActiveCfg = Release|Any CPU
		{C2E5F4A4-5339-4852-9623-A043CF3718A5}.Release|Any CPU.Build.0 = Release|Any CPU
	EndGlobalSection
	GlobalSection(SolutionProperties) = preSolution
		HideSolutionNode = FALSE
	EndGlobalSection
	GlobalSection(ExtensibilityGlobals) = postSolution
		SolutionGuid = {7FEFD7E8-CA8C-416E-ADA1-2A45288682AC}
	EndGlobalSection
EndGlobal
